<?xml version="1.0" encoding="utf-8"?>
<Project ToolsVersion="4.0" xmlns="http://schemas.microsoft.com/developer/msbuild/2003">
  <ItemGroup>
    <Filter Include="objects">
      <UniqueIdentifier>{c5034dad-c9a5-4dbb-ba82-2a9245650b5d}</UniqueIdentifier>
    </Filter>
    <Filter Include="game">
      <UniqueIdentifier>{9364ea76-082e-47a0-a0a3-fcd3754bd5e4}</UniqueIdentifier>
    </Filter>
  </ItemGroup>
  <ItemGroup>
    <ClCompile Include="..\src\Objects\ball.cpp">
      <Filter>objects</Filter>
    </ClCompile>
    <ClCompile Include="..\src\Objects\rectangle.cpp">
      <Filter>objects</Filter>
    </ClCompile>
    <ClCompile Include="..\src\Game\colors.cpp">
      <Filter>game</Filter>
    </ClCompile>
    <ClCompile Include="..\src\Game\game.cpp">
      <Filter>game</Filter>
    </ClCompile>
    <ClCompile Include="..\src\Game\menu.cpp">
      <Filter>game</Filter>
    </ClCompile>
    <ClCompile Include="..\src\Game\ScreenSize.cpp">
      <Filter>game</Filter>
    </ClCompile>
    <ClCompile Include="..\src\Main.cpp">
      <Filter>game</Filter>
    </ClCompile>
  </ItemGroup>
  <ItemGroup>
    <ClInclude Include="..\src\Objects\ball.h">
      <Filter>objects</Filter>
    </ClInclude>
    <ClInclude Include="..\src\Objects\button.h">
      <Filter>objects</Filter>
    </ClInclude>
    <ClInclude Include="..\src\Objects\rectangle.h">
      <Filter>objects</Filter>
    </ClInclude>
    <ClInclude Include="..\src\Game\Colors.h">
      <Filter>game</Filter>
    </ClInclude>
    <ClInclude Include="..\src\Game\game.h">
      <Filter>game</Filter>
    </ClInclude>
    <ClInclude Include="..\src\Game\menu.h">
      <Filter>game</Filter>
    </ClInclude>
    <ClInclude Include="..\src\Game\scenes.h">
      <Filter>game</Filter>
    </ClInclude>
    <ClInclude Include="..\src\Game\ScreenSize.h">
      <Filter>game</Filter>
    </ClInclude>
    <ClInclude Include="..\src\Game\Vector2.h">
      <Filter>game</Filter>
    </ClInclude>
  </ItemGroup>
</Project>